
Microsoft Visual Studio Solution File, Format Version 12.00
# Visual Studio Version 16
VisualStudioVersion = 16.0.28803.156
MinimumVisualStudioVersion = 10.0.40219.1
Project("{FAE04EC0-301F-11D3-BF4B-00C04F79EFBC}") = "Subarray with given sum", "Subarray with given sum\Subarray with given sum.csproj", "{D00AAE20-BC69-4FA2-B31E-241BF1276BF2}"
EndProject
Global
	GlobalSection(SolutionConfigurationPlatforms) = preSolution
		Debug|Any CPU = Debug|Any CPU
		Release|Any CPU = Release|Any CPU
	EndGlobalSection
	GlobalSection(ProjectConfigurationPlatforms) = postSolution
		{D00AAE20-BC69-4FA2-B31E-241BF1276BF2}.Debug|Any CPU.ActiveCfg = Debug|Any CPU
		{D00AAE20-BC69-4FA2-B31E-241BF1276BF2}.Debug|Any CPU.Build.0 = Debug|Any CPU
		{D00AAE20-BC69-4FA2-B31E-241BF1276BF2}.Release|Any CPU.ActiveCfg = Release|Any CPU
		{D00AAE20-BC69-4FA2-B31E-241BF1276BF2}.Release|Any CPU.Build.0 = Release|Any CPU
	EndGlobalSection
	GlobalSection(SolutionProperties) = preSolution
		HideSolutionNode = FALSE
	EndGlobalSection
	GlobalSection(ExtensibilityGlobals) = postSolution
		SolutionGuid = {D125F38E-4E3E-42A8-9C02-9ECA2F40C8CF}
	EndGlobalSection
EndGlobal
